
Microsoft Visual Studio Solution File, Format Version 12.00
# Visual Studio 2017
Project("{FAE04EC0-301F-11D3-BF4B-00C04F79EFBC}") = "Week2_HW", "Week2_HW.csproj", "{DDE9C0DF-8D8F-3626-E64B-60C1EC51A3E9}"
EndProject
Global
	GlobalSection(SolutionConfigurationPlatforms) = preSolution
		Debug|Any CPU = Debug|Any CPU
		Release|Any CPU = Release|Any CPU
	EndGlobalSection
	GlobalSection(ProjectConfigurationPlatforms) = postSolution
		{DDE9C0DF-8D8F-3626-E64B-60C1EC51A3E9}.Debug|Any CPU.ActiveCfg = Debug|Any CPU
		{DDE9C0DF-8D8F-3626-E64B-60C1EC51A3E9}.Debug|Any CPU.Build.0 = Debug|Any CPU
		{DDE9C0DF-8D8F-3626-E64B-60C1EC51A3E9}.Release|Any CPU.ActiveCfg = Release|Any CPU
		{DDE9C0DF-8D8F-3626-E64B-60C1EC51A3E9}.Release|Any CPU.Build.0 = Release|Any CPU
	EndGlobalSection
	GlobalSection(SolutionProperties) = preSolution
		HideSolutionNode = FALSE
	EndGlobalSection
EndGlobal
