
Microsoft Visual Studio Solution File, Format Version 12.00
# Visual Studio 2017
Project("{FAE04EC0-301F-11D3-BF4B-00C04F79EFBC}") = "Week 1 - Day 2", "Week 1 - Day 2.csproj", "{11282E00-F505-79FE-B5A8-D157352B95A0}"
EndProject
Project("{FAE04EC0-301F-11D3-BF4B-00C04F79EFBC}") = "Week 1 - Day 2.Plugins", "Week 1 - Day 2.Plugins.csproj", "{62756635-6A8A-3FF0-E6BE-BD796DB17C0F}"
EndProject
Project("{FAE04EC0-301F-11D3-BF4B-00C04F79EFBC}") = "Week 1 - Day 2.Editor", "Week 1 - Day 2.Editor.csproj", "{90B44703-1EAC-FFD3-3341-654A2EB933B0}"
EndProject
Project("{FAE04EC0-301F-11D3-BF4B-00C04F79EFBC}") = "Week 1 - Day 2.Editor.Plugins", "Week 1 - Day 2.Editor.Plugins.csproj", "{B40E1E17-D5AB-EF42-CB1B-35FD58308940}"
EndProject
Global
	GlobalSection(SolutionConfigurationPlatforms) = preSolution
		Debug|Any CPU = Debug|Any CPU
		Release|Any CPU = Release|Any CPU
	EndGlobalSection
	GlobalSection(ProjectConfigurationPlatforms) = postSolution
		{11282E00-F505-79FE-B5A8-D157352B95A0}.Debug|Any CPU.ActiveCfg = Debug|Any CPU
		{11282E00-F505-79FE-B5A8-D157352B95A0}.Debug|Any CPU.Build.0 = Debug|Any CPU
		{11282E00-F505-79FE-B5A8-D157352B95A0}.Release|Any CPU.ActiveCfg = Release|Any CPU
		{11282E00-F505-79FE-B5A8-D157352B95A0}.Release|Any CPU.Build.0 = Release|Any CPU
		{62756635-6A8A-3FF0-E6BE-BD796DB17C0F}.Debug|Any CPU.ActiveCfg = Debug|Any CPU
		{62756635-6A8A-3FF0-E6BE-BD796DB17C0F}.Debug|Any CPU.Build.0 = Debug|Any CPU
		{62756635-6A8A-3FF0-E6BE-BD796DB17C0F}.Release|Any CPU.ActiveCfg = Release|Any CPU
		{62756635-6A8A-3FF0-E6BE-BD796DB17C0F}.Release|Any CPU.Build.0 = Release|Any CPU
		{90B44703-1EAC-FFD3-3341-654A2EB933B0}.Debug|Any CPU.ActiveCfg = Debug|Any CPU
		{90B44703-1EAC-FFD3-3341-654A2EB933B0}.Debug|Any CPU.Build.0 = Debug|Any CPU
		{90B44703-1EAC-FFD3-3341-654A2EB933B0}.Release|Any CPU.ActiveCfg = Release|Any CPU
		{90B44703-1EAC-FFD3-3341-654A2EB933B0}.Release|Any CPU.Build.0 = Release|Any CPU
		{B40E1E17-D5AB-EF42-CB1B-35FD58308940}.Debug|Any CPU.ActiveCfg = Debug|Any CPU
		{B40E1E17-D5AB-EF42-CB1B-35FD58308940}.Debug|Any CPU.Build.0 = Debug|Any CPU
		{B40E1E17-D5AB-EF42-CB1B-35FD58308940}.Release|Any CPU.ActiveCfg = Release|Any CPU
		{B40E1E17-D5AB-EF42-CB1B-35FD58308940}.Release|Any CPU.Build.0 = Release|Any CPU
	EndGlobalSection
	GlobalSection(SolutionProperties) = preSolution
		HideSolutionNode = FALSE
	EndGlobalSection
EndGlobal
